// !$*UTF8*$!
{
	archiveVersion = 1;
	classes = {
	};
	objectVersion = 56;
	objects = {

/* Begin PBXBuildFile section */
		B858C9872EA480470089F4A3 /* NetworkResult.swift in Sources */ = {isa = PBXBuildFile; fileRef = B858C9862EA480470089F4A3 /* NetworkResult.swift */; };
		B858C9892EA482C40089F4A3 /* NetworkRouter.swift in Sources */ = {isa = PBXBuildFile; fileRef = B858C9882EA482C40089F4A3 /* NetworkRouter.swift */; };
		B858C98B2EA484740089F4A3 /* NetworkEndpoints.swift in Sources */ = {isa = PBXBuildFile; fileRef = B858C98A2EA484740089F4A3 /* NetworkEndpoints.swift */; };
		B858C98D2EA4857A0089F4A3 /* NetworkManager.swift in Sources */ = {isa = PBXBuildFile; fileRef = B858C98C2EA4857A0089F4A3 /* NetworkManager.swift */; };
		B858C9902EA4891F0089F4A3 /* Optional+Extension.swift in Sources */ = {isa = PBXBuildFile; fileRef = B858C98F2EA4891F0089F4A3 /* Optional+Extension.swift */; };
		B858C9932EA73AB50089F4A3 /* MainTabView.swift in Sources */ = {isa = PBXBuildFile; fileRef = B858C9922EA73AB50089F4A3 /* MainTabView.swift */; };
		B858C9952EA744220089F4A3 /* MaterialEffect.swift in Sources */ = {isa = PBXBuildFile; fileRef = B858C9942EA744220089F4A3 /* MaterialEffect.swift */; };
		B858C9972EA748030089F4A3 /* BottomCurve.swift in Sources */ = {isa = PBXBuildFile; fileRef = B858C9962EA748030089F4A3 /* BottomCurve.swift */; };
		B86039DA2FF10EE100445F16 /* PokemonCardView.swift in Sources */ = {isa = PBXBuildFile; fileRef = B86039D92FF10EE100445F16 /* PokemonCardView.swift */; };
		B86039DD2FF111F500445F16 /* ImageCacheManager.swift in Sources */ = {isa = PBXBuildFile; fileRef = B86039DC2FF111F500445F16 /* ImageCacheManager.swift */; };
		B86039E02FF112DD00445F16 /* CachedAasyncImage.swift in Sources */ = {isa = PBXBuildFile; fileRef = B86039DF2FF112DD00445F16 /* CachedAasyncImage.swift */; };
		B86039E32FF39CA700445F16 /* ListItemsViewModel.swift in Sources */ = {isa = PBXBuildFile; fileRef = B86039E22FF39CA700445F16 /* ListItemsViewModel.swift */; };
		B86039E52FF39EB500445F16 /* ListItemsView.swift in Sources */ = {isa = PBXBuildFile; fileRef = B86039E42FF39EB500445F16 /* ListItemsView.swift */; };
		B8A0A0D22EA4641F0008EE47 /* PokeAldaApp.swift in Sources */ = {isa = PBXBuildFile; fileRef = B8A0A0D12EA4641F0008EE47 /* PokeAldaApp.swift */; };
		B8A0A0D62EA464210008EE47 /* Assets.xcassets in Resources */ = {isa = PBXBuildFile; fileRef = B8A0A0D52EA464210008EE47 /* Assets.xcassets */; };
		B8A0A0D92EA464210008EE47 /* Preview Assets.xcassets in Resources */ = {isa = PBXBuildFile; fileRef = B8A0A0D82EA464210008EE47 /* Preview Assets.xcassets */; };
		B8DB65F92FEE73CD00FB3A97 /* PokedexService.swift in Sources */ = {isa = PBXBuildFile; fileRef = B8DB65F82FEE73CD00FB3A97 /* PokedexService.swift */; };
		B8DB65FC2FEE74C300FB3A97 /* PokedexRepository.swift in Sources */ = {isa = PBXBuildFile; fileRef = B8DB65FB2FEE74C300FB3A97 /* PokedexRepository.swift */; };
		B8DB66012FEE75A000FB3A97 /* PokedexUseCase.swift in Sources */ = {isa = PBXBuildFile; fileRef = B8DB66002FEE75A000FB3A97 /* PokedexUseCase.swift */; };
		B8DB66052FEE763B00FB3A97 /* PokedexViewModel.swift in Sources */ = {isa = PBXBuildFile; fileRef = B8DB66042FEE763B00FB3A97 /* PokedexViewModel.swift */; };
		B8DB66082FEE76F000FB3A97 /* PokedexView.swift in Sources */ = {isa = PBXBuildFile; fileRef = B8DB66072FEE76F000FB3A97 /* PokedexView.swift */; };
		B8DB660A2FEE77DF00FB3A97 /* PokedexModule.swift in Sources */ = {isa = PBXBuildFile; fileRef = B8DB66092FEE77DF00FB3A97 /* PokedexModule.swift */; };
		B8DB660D2FEED71900FB3A97 /* PokedexModel.swift in Sources */ = {isa = PBXBuildFile; fileRef = B8DB660C2FEED71900FB3A97 /* PokedexModel.swift */; };
/* End PBXBuildFile section */

/* Begin PBXFileReference section */
		B858C9862EA480470089F4A3 /* NetworkResult.swift */ = {isa = PBXFileReference; lastKnownFileType = sourcecode.swift; path = NetworkResult.swift; sourceTree = "<group>"; };
		B858C9882EA482C40089F4A3 /* NetworkRouter.swift */ = {isa = PBXFileReference; lastKnownFileType = sourcecode.swift; path = NetworkRouter.swift; sourceTree = "<group>"; };
		B858C98A2EA484740089F4A3 /* NetworkEndpoints.swift */ = {isa = PBXFileReference; lastKnownFileType = sourcecode.swift; path = NetworkEndpoints.swift; sourceTree = "<group>"; };
		B858C98C2EA4857A0089F4A3 /* NetworkManager.swift */ = {isa = PBXFileReference; lastKnownFileType = sourcecode.swift; path = NetworkManager.swift; sourceTree = "<group>"; };
		B858C98F2EA4891F0089F4A3 /* Optional+Extension.swift */ = {isa = PBXFileReference; lastKnownFileType = sourcecode.swift; path = "Optional+Extension.swift"; sourceTree = "<group>"; };
		B858C9922EA73AB50089F4A3 /* MainTabView.swift */ = {isa = PBXFileReference; lastKnownFileType = sourcecode.swift; path = MainTabView.swift; sourceTree = "<group>"; };
		B858C9942EA744220089F4A3 /* MaterialEffect.swift */ = {isa = PBXFileReference; lastKnownFileType = sourcecode.swift; path = MaterialEffect.swift; sourceTree = "<group>"; };
		B858C9962EA748030089F4A3 /* BottomCurve.swift */ = {isa = PBXFileReference; lastKnownFileType = sourcecode.swift; path = BottomCurve.swift; sourceTree = "<group>"; };
		B86039D92FF10EE100445F16 /* PokemonCardView.swift */ = {isa = PBXFileReference; lastKnownFileType = sourcecode.swift; path = PokemonCardView.swift; sourceTree = "<group>"; };
		B86039DC2FF111F500445F16 /* ImageCacheManager.swift */ = {isa = PBXFileReference; lastKnownFileType = sourcecode.swift; path = ImageCacheManager.swift; sourceTree = "<group>"; };
		B86039DF2FF112DD00445F16 /* CachedAasyncImage.swift */ = {isa = PBXFileReference; lastKnownFileType = sourcecode.swift; path = CachedAasyncImage.swift; sourceTree = "<group>"; };
		B86039E22FF39CA700445F16 /* ListItemsViewModel.swift */ = {isa = PBXFileReference; lastKnownFileType = sourcecode.swift; path = ListItemsViewModel.swift; sourceTree = "<group>"; };
		B86039E42FF39EB500445F16 /* ListItemsView.swift */ = {isa = PBXFileReference; lastKnownFileType = sourcecode.swift; path = ListItemsView.swift; sourceTree = "<group>"; };
		B8A0A0CE2EA4641F0008EE47 /* PokeAlda.app */ = {isa = PBXFileReference; explicitFileType = wrapper.application; includeInIndex = 0; path = PokeAlda.app; sourceTree = BUILT_PRODUCTS_DIR; };
		B8A0A0D12EA4641F0008EE47 /* PokeAldaApp.swift */ = {isa = PBXFileReference; lastKnownFileType = sourcecode.swift; path = PokeAldaApp.swift; sourceTree = "<group>"; };
		B8A0A0D52EA464210008EE47 /* Assets.xcassets */ = {isa = PBXFileReference; lastKnownFileType = folder.assetcatalog; path = Assets.xcassets; sourceTree = "<group>"; };
		B8A0A0D82EA464210008EE47 /* Preview Assets.xcassets */ = {isa = PBXFileReference; lastKnownFileType = folder.assetcatalog; path = "Preview Assets.xcassets"; sourceTree = "<group>"; };
		B8DB65F82FEE73CD00FB3A97 /* PokedexService.swift */ = {isa = PBXFileReference; lastKnownFileType = sourcecode.swift; path = PokedexService.swift; sourceTree = "<group>"; };
		B8DB65FB2FEE74C300FB3A97 /* PokedexRepository.swift */ = {isa = PBXFileReference; lastKnownFileType = sourcecode.swift; path = PokedexRepository.swift; sourceTree = "<group>"; };
		B8DB66002FEE75A000FB3A97 /* PokedexUseCase.swift */ = {isa = PBXFileReference; lastKnownFileType = sourcecode.swift; path = PokedexUseCase.swift; sourceTree = "<group>"; };
		B8DB66042FEE763B00FB3A97 /* PokedexViewModel.swift */ = {isa = PBXFileReference; lastKnownFileType = sourcecode.swift; path = PokedexViewModel.swift; sourceTree = "<group>"; };
		B8DB66072FEE76F000FB3A97 /* PokedexView.swift */ = {isa = PBXFileReference; lastKnownFileType = sourcecode.swift; path = PokedexView.swift; sourceTree = "<group>"; };
		B8DB66092FEE77DF00FB3A97 /* PokedexModule.swift */ = {isa = PBXFileReference; lastKnownFileType = sourcecode.swift; path = PokedexModule.swift; sourceTree = "<group>"; };
		B8DB660C2FEED71900FB3A97 /* PokedexModel.swift */ = {isa = PBXFileReference; lastKnownFileType = sourcecode.swift; path = PokedexModel.swift; sourceTree = "<group>"; };
/* End PBXFileReference section */

/* Begin PBXFrameworksBuildPhase section */
		B8A0A0CB2EA4641F0008EE47 /* Frameworks */ = {
			isa = PBXFrameworksBuildPhase;
			buildActionMask = 2147483647;
			files = (
			);
			runOnlyForDeploymentPostprocessing = 0;
		};
/* End PBXFrameworksBuildPhase section */

/* Begin PBXGroup section */
		B858C9852EA480200089F4A3 /* NetworkManager */ = {
			isa = PBXGroup;
			children = (
				B858C9862EA480470089F4A3 /* NetworkResult.swift */,
				B858C9882EA482C40089F4A3 /* NetworkRouter.swift */,
				B858C98A2EA484740089F4A3 /* NetworkEndpoints.swift */,
				B858C98C2EA4857A0089F4A3 /* NetworkManager.swift */,
			);
			path = NetworkManager;
			sourceTree = "<group>";
		};
		B858C98E2EA489060089F4A3 /* Extensions */ = {
			isa = PBXGroup;
			children = (
				B858C98F2EA4891F0089F4A3 /* Optional+Extension.swift */,
			);
			path = Extensions;
			sourceTree = "<group>";
		};
		B858C9912EA73AA50089F4A3 /* MainTabView */ = {
			isa = PBXGroup;
			children = (
				B858C9922EA73AB50089F4A3 /* MainTabView.swift */,
				B858C9942EA744220089F4A3 /* MaterialEffect.swift */,
				B858C9962EA748030089F4A3 /* BottomCurve.swift */,
			);
			path = MainTabView;
			sourceTree = "<group>";
		};
		B86039DB2FF111CB00445F16 /* Managers */ = {
			isa = PBXGroup;
			children = (
				B86039DC2FF111F500445F16 /* ImageCacheManager.swift */,
			);
			path = Managers;
			sourceTree = "<group>";
		};
		B86039DE2FF1129D00445F16 /* UIComponents */ = {
			isa = PBXGroup;
			children = (
				B86039E12FF39C6300445F16 /* ListItemsView */,
				B86039DF2FF112DD00445F16 /* CachedAasyncImage.swift */,
			);
			path = UIComponents;
			sourceTree = "<group>";
		};
		B86039E12FF39C6300445F16 /* ListItemsView */ = {
			isa = PBXGroup;
			children = (
				B86039E22FF39CA700445F16 /* ListItemsViewModel.swift */,
				B86039E42FF39EB500445F16 /* ListItemsView.swift */,
			);
			path = ListItemsView;
			sourceTree = "<group>";
		};
		B8A0A0C52EA4641F0008EE47 = {
			isa = PBXGroup;
			children = (
				B8A0A0D02EA4641F0008EE47 /* PokeAlda */,
				B8A0A0CF2EA4641F0008EE47 /* Products */,
			);
			sourceTree = "<group>";
		};
		B8A0A0CF2EA4641F0008EE47 /* Products */ = {
			isa = PBXGroup;
			children = (
				B8A0A0CE2EA4641F0008EE47 /* PokeAlda.app */,
			);
			name = Products;
			sourceTree = "<group>";
		};
		B8A0A0D02EA4641F0008EE47 /* PokeAlda */ = {
			isa = PBXGroup;
			children = (
				B86039DE2FF1129D00445F16 /* UIComponents */,
				B86039DB2FF111CB00445F16 /* Managers */,
				B8DB65F52FEE738400FB3A97 /* PokedexView */,
				B858C9912EA73AA50089F4A3 /* MainTabView */,
				B858C98E2EA489060089F4A3 /* Extensions */,
				B858C9852EA480200089F4A3 /* NetworkManager */,
				B8A0A0D12EA4641F0008EE47 /* PokeAldaApp.swift */,
				B8A0A0D52EA464210008EE47 /* Assets.xcassets */,
				B8A0A0D72EA464210008EE47 /* Preview Content */,
			);
			path = PokeAlda;
			sourceTree = "<group>";
		};
		B8A0A0D72EA464210008EE47 /* Preview Content */ = {
			isa = PBXGroup;
			children = (
				B8A0A0D82EA464210008EE47 /* Preview Assets.xcassets */,
			);
			path = "Preview Content";
			sourceTree = "<group>";
		};
		B8DB65F52FEE738400FB3A97 /* PokedexView */ = {
			isa = PBXGroup;
			children = (
				B8DB66022FEE761D00FB3A97 /* Presentation */,
				B8DB65FD2FEE757700FB3A97 /* Domain */,
				B8DB65F62FEE739F00FB3A97 /* Data */,
				B8DB66092FEE77DF00FB3A97 /* PokedexModule.swift */,
			);
			path = PokedexView;
			sourceTree = "<group>";
		};
		B8DB65F62FEE739F00FB3A97 /* Data */ = {
			isa = PBXGroup;
			children = (
				B8DB660B2FEED70C00FB3A97 /* Model */,
				B8DB65FA2FEE74AA00FB3A97 /* Repository */,
				B8DB65F72FEE73B700FB3A97 /* Services */,
			);
			path = Data;
			sourceTree = "<group>";
		};
		B8DB65F72FEE73B700FB3A97 /* Services */ = {
			isa = PBXGroup;
			children = (
				B8DB65F82FEE73CD00FB3A97 /* PokedexService.swift */,
			);
			path = Services;
			sourceTree = "<group>";
		};
		B8DB65FA2FEE74AA00FB3A97 /* Repository */ = {
			isa = PBXGroup;
			children = (
				B8DB65FB2FEE74C300FB3A97 /* PokedexRepository.swift */,
			);
			path = Repository;
			sourceTree = "<group>";
		};
		B8DB65FD2FEE757700FB3A97 /* Domain */ = {
			isa = PBXGroup;
			children = (
				B8DB65FE2FEE758800FB3A97 /* UseCase */,
			);
			path = Domain;
			sourceTree = "<group>";
		};
		B8DB65FE2FEE758800FB3A97 /* UseCase */ = {
			isa = PBXGroup;
			children = (
				B8DB66002FEE75A000FB3A97 /* PokedexUseCase.swift */,
			);
			path = UseCase;
			sourceTree = "<group>";
		};
		B8DB66022FEE761D00FB3A97 /* Presentation */ = {
			isa = PBXGroup;
			children = (
				B8DB66062FEE76DD00FB3A97 /* Views */,
				B8DB66032FEE762C00FB3A97 /* ViewModel */,
			);
			path = Presentation;
			sourceTree = "<group>";
		};
		B8DB66032FEE762C00FB3A97 /* ViewModel */ = {
			isa = PBXGroup;
			children = (
				B8DB66042FEE763B00FB3A97 /* PokedexViewModel.swift */,
			);
			path = ViewModel;
			sourceTree = "<group>";
		};
		B8DB66062FEE76DD00FB3A97 /* Views */ = {
			isa = PBXGroup;
			children = (
				B8DB66072FEE76F000FB3A97 /* PokedexView.swift */,
				B86039D92FF10EE100445F16 /* PokemonCardView.swift */,
			);
			path = Views;
			sourceTree = "<group>";
		};
		B8DB660B2FEED70C00FB3A97 /* Model */ = {
			isa = PBXGroup;
			children = (
				B8DB660C2FEED71900FB3A97 /* PokedexModel.swift */,
			);
			path = Model;
			sourceTree = "<group>";
		};
/* End PBXGroup section */

/* Begin PBXNativeTarget section */
		B8A0A0CD2EA4641F0008EE47 /* PokeAlda */ = {
			isa = PBXNativeTarget;
			buildConfigurationList = B8A0A0DC2EA464210008EE47 /* Build configuration list for PBXNativeTarget "PokeAlda" */;
			buildPhases = (
				B8A0A0CA2EA4641F0008EE47 /* Sources */,
				B8A0A0CB2EA4641F0008EE47 /* Frameworks */,
				B8A0A0CC2EA4641F0008EE47 /* Resources */,
			);
			buildRules = (
			);
			dependencies = (
			);
			name = PokeAlda;
			productName = PokeAlda;
			productReference = B8A0A0CE2EA4641F0008EE47 /* PokeAlda.app */;
			productType = "com.apple.product-type.application";
		};
/* End PBXNativeTarget section */

/* Begin PBXProject section */
		B8A0A0C62EA4641F0008EE47 /* Project object */ = {
			isa = PBXProject;
			attributes = {
				BuildIndependentTargetsInParallel = 1;
				LastSwiftUpdateCheck = 1500;
				LastUpgradeCheck = 1500;
				TargetAttributes = {
					B8A0A0CD2EA4641F0008EE47 = {
						CreatedOnToolsVersion = 15.0.1;
					};
				};
			};
			buildConfigurationList = B8A0A0C92EA4641F0008EE47 /* Build configuration list for PBXProject "PokeAlda" */;
			compatibilityVersion = "Xcode 14.0";
			developmentRegion = en;
			hasScannedForEncodings = 0;
			knownRegions = (
				en,
				Base,
			);
			mainGroup = B8A0A0C52EA4641F0008EE47;
			productRefGroup = B8A0A0CF2EA4641F0008EE47 /* Products */;
			projectDirPath = "";
			projectRoot = "";
			targets = (
				B8A0A0CD2EA4641F0008EE47 /* PokeAlda */,
			);
		};
/* End PBXProject section */

/* Begin PBXResourcesBuildPhase section */
		B8A0A0CC2EA4641F0008EE47 /* Resources */ = {
			isa = PBXResourcesBuildPhase;
			buildActionMask = 2147483647;
			files = (
				B8A0A0D92EA464210008EE47 /* Preview Assets.xcassets in Resources */,
				B8A0A0D62EA464210008EE47 /* Assets.xcassets in Resources */,
			);
			runOnlyForDeploymentPostprocessing = 0;
		};
/* End PBXResourcesBuildPhase section */

/* Begin PBXSourcesBuildPhase section */
		B8A0A0CA2EA4641F0008EE47 /* Sources */ = {
			isa = PBXSourcesBuildPhase;
			buildActionMask = 2147483647;
			files = (
				B8DB66012FEE75A000FB3A97 /* PokedexUseCase.swift in Sources */,
				B8DB66082FEE76F000FB3A97 /* PokedexView.swift in Sources */,
				B86039DD2FF111F500445F16 /* ImageCacheManager.swift in Sources */,
				B86039E02FF112DD00445F16 /* CachedAasyncImage.swift in Sources */,
				B858C98D2EA4857A0089F4A3 /* NetworkManager.swift in Sources */,
				B86039E32FF39CA700445F16 /* ListItemsViewModel.swift in Sources */,
				B858C9902EA4891F0089F4A3 /* Optional+Extension.swift in Sources */,
				B858C9972EA748030089F4A3 /* BottomCurve.swift in Sources */,
				B86039DA2FF10EE100445F16 /* PokemonCardView.swift in Sources */,
				B8DB65FC2FEE74C300FB3A97 /* PokedexRepository.swift in Sources */,
				B858C9872EA480470089F4A3 /* NetworkResult.swift in Sources */,
				B858C9932EA73AB50089F4A3 /* MainTabView.swift in Sources */,
				B86039E52FF39EB500445F16 /* ListItemsView.swift in Sources */,
				B858C9892EA482C40089F4A3 /* NetworkRouter.swift in Sources */,
				B858C98B2EA484740089F4A3 /* NetworkEndpoints.swift in Sources */,
				B8DB660A2FEE77DF00FB3A97 /* PokedexModule.swift in Sources */,
				B858C9952EA744220089F4A3 /* MaterialEffect.swift in Sources */,
				B8DB65F92FEE73CD00FB3A97 /* PokedexService.swift in Sources */,
				B8A0A0D22EA4641F0008EE47 /* PokeAldaApp.swift in Sources */,
				B8DB660D2FEED71900FB3A97 /* PokedexModel.swift in Sources */,
				B8DB66052FEE763B00FB3A97 /* PokedexViewModel.swift in Sources */,
			);
			runOnlyForDeploymentPostprocessing = 0;
		};
/* End PBXSourcesBuildPhase section */

/* Begin XCBuildConfiguration section */
		B8A0A0DA2EA464210008EE47 /* Debug */ = {
			isa = XCBuildConfiguration;
			buildSettings = {
				ALWAYS_SEARCH_USER_PATHS = NO;
				ASSETCATALOG_COMPILER_GENERATE_SWIFT_ASSET_SYMBOL_EXTENSIONS = YES;
				CLANG_ANALYZER_NONNULL = YES;
				CLANG_ANALYZER_NUMBER_OBJECT_CONVERSION = YES_AGGRESSIVE;
				CLANG_CXX_LANGUAGE_STANDARD = "gnu++20";
				CLANG_ENABLE_MODULES = YES;
				CLANG_ENABLE_OBJC_ARC = YES;
				CLANG_ENABLE_OBJC_WEAK = YES;
				CLANG_WARN_BLOCK_CAPTURE_AUTORELEASING = YES;
				CLANG_WARN_BOOL_CONVERSION = YES;
				CLANG_WARN_COMMA = YES;
				CLANG_WARN_CONSTANT_CONVERSION = YES;
				CLANG_WARN_DEPRECATED_OBJC_IMPLEMENTATIONS = YES;
				CLANG_WARN_DIRECT_OBJC_ISA_USAGE = YES_ERROR;
				CLANG_WARN_DOCUMENTATION_COMMENTS = YES;
				CLANG_WARN_EMPTY_BODY = YES;
				CLANG_WARN_ENUM_CONVERSION = YES;
				CLANG_WARN_INFINITE_RECURSION = YES;
				CLANG_WARN_INT_CONVERSION = YES;
				CLANG_WARN_NON_LITERAL_NULL_CONVERSION = YES;
				CLANG_WARN_OBJC_IMPLICIT_RETAIN_SELF = YES;
				CLANG_WARN_OBJC_LITERAL_CONVERSION = YES;
				CLANG_WARN_OBJC_ROOT_CLASS = YES_ERROR;
				CLANG_WARN_QUOTED_INCLUDE_IN_FRAMEWORK_HEADER = YES;
				CLANG_WARN_RANGE_LOOP_ANALYSIS = YES;
				CLANG_WARN_STRICT_PROTOTYPES = YES;
				CLANG_WARN_SUSPICIOUS_MOVE = YES;
				CLANG_WARN_UNGUARDED_AVAILABILITY = YES_AGGRESSIVE;
				CLANG_WARN_UNREACHABLE_CODE = YES;
				CLANG_WARN__DUPLICATE_METHOD_MATCH = YES;
				COPY_PHASE_STRIP = NO;
				DEBUG_INFORMATION_FORMAT = dwarf;
				ENABLE_STRICT_OBJC_MSGSEND = YES;
				ENABLE_TESTABILITY = YES;
				ENABLE_USER_SCRIPT_SANDBOXING = YES;
				GCC_C_LANGUAGE_STANDARD = gnu17;
				GCC_DYNAMIC_NO_PIC = NO;
				GCC_NO_COMMON_BLOCKS = YES;
				GCC_OPTIMIZATION_LEVEL = 0;
				GCC_PREPROCESSOR_DEFINITIONS = (
					"DEBUG=1",
					"$(inherited)",
				);
				GCC_WARN_64_TO_32_BIT_CONVERSION = YES;
				GCC_WARN_ABOUT_RETURN_TYPE = YES_ERROR;
				GCC_WARN_UNDECLARED_SELECTOR = YES;
				GCC_WARN_UNINITIALIZED_AUTOS = YES_AGGRESSIVE;
				GCC_WARN_UNUSED_FUNCTION = YES;
				GCC_WARN_UNUSED_VARIABLE = YES;
				IPHONEOS_DEPLOYMENT_TARGET = 17.0;
				LOCALIZATION_PREFERS_STRING_CATALOGS = YES;
				MTL_ENABLE_DEBUG_INFO = INCLUDE_SOURCE;
				MTL_FAST_MATH = YES;
				ONLY_ACTIVE_ARCH = YES;
				SDKROOT = iphoneos;
				SWIFT_ACTIVE_COMPILATION_CONDITIONS = "DEBUG $(inherited)";
				SWIFT_OPTIMIZATION_LEVEL = "-Onone";
			};
			name = Debug;
		};
		B8A0A0DB2EA464210008EE47 /* Release */ = {
			isa = XCBuildConfiguration;
			buildSettings = {
				ALWAYS_SEARCH_USER_PATHS = NO;
				ASSETCATALOG_COMPILER_GENERATE_SWIFT_ASSET_SYMBOL_EXTENSIONS = YES;
				CLANG_ANALYZER_NONNULL = YES;
				CLANG_ANALYZER_NUMBER_OBJECT_CONVERSION = YES_AGGRESSIVE;
				CLANG_CXX_LANGUAGE_STANDARD = "gnu++20";
				CLANG_ENABLE_MODULES = YES;
				CLANG_ENABLE_OBJC_ARC = YES;
				CLANG_ENABLE_OBJC_WEAK = YES;
				CLANG_WARN_BLOCK_CAPTURE_AUTORELEASING = YES;
				CLANG_WARN_BOOL_CONVERSION = YES;
				CLANG_WARN_COMMA = YES;
				CLANG_WARN_CONSTANT_CONVERSION = YES;
				CLANG_WARN_DEPRECATED_OBJC_IMPLEMENTATIONS = YES;
				CLANG_WARN_DIRECT_OBJC_ISA_USAGE = YES_ERROR;
				CLANG_WARN_DOCUMENTATION_COMMENTS = YES;
				CLANG_WARN_EMPTY_BODY = YES;
				CLANG_WARN_ENUM_CONVERSION = YES;
				CLANG_WARN_INFINITE_RECURSION = YES;
				CLANG_WARN_INT_CONVERSION = YES;
				CLANG_WARN_NON_LITERAL_NULL_CONVERSION = YES;
				CLANG_WARN_OBJC_IMPLICIT_RETAIN_SELF = YES;
				CLANG_WARN_OBJC_LITERAL_CONVERSION = YES;
				CLANG_WARN_OBJC_ROOT_CLASS = YES_ERROR;
				CLANG_WARN_QUOTED_INCLUDE_IN_FRAMEWORK_HEADER = YES;
				CLANG_WARN_RANGE_LOOP_ANALYSIS = YES;
				CLANG_WARN_STRICT_PROTOTYPES = YES;
				CLANG_WARN_SUSPICIOUS_MOVE = YES;
				CLANG_WARN_UNGUARDED_AVAILABILITY = YES_AGGRESSIVE;
				CLANG_WARN_UNREACHABLE_CODE = YES;
				CLANG_WARN__DUPLICATE_METHOD_MATCH = YES;
				COPY_PHASE_STRIP = NO;
				DEBUG_INFORMATION_FORMAT = "dwarf-with-dsym";
				ENABLE_NS_ASSERTIONS = NO;
				ENABLE_STRICT_OBJC_MSGSEND = YES;
				ENABLE_USER_SCRIPT_SANDBOXING = YES;
				GCC_C_LANGUAGE_STANDARD = gnu17;
				GCC_NO_COMMON_BLOCKS = YES;
				GCC_WARN_64_TO_32_BIT_CONVERSION = YES;
				GCC_WARN_ABOUT_RETURN_TYPE = YES_ERROR;
				GCC_WARN_UNDECLARED_SELECTOR = YES;
				GCC_WARN_UNINITIALIZED_AUTOS = YES_AGGRESSIVE;
				GCC_WARN_UNUSED_FUNCTION = YES;
				GCC_WARN_UNUSED_VARIABLE = YES;
				IPHONEOS_DEPLOYMENT_TARGET = 17.0;
				LOCALIZATION_PREFERS_STRING_CATALOGS = YES;
				MTL_ENABLE_DEBUG_INFO = NO;
				MTL_FAST_MATH = YES;
				SDKROOT = iphoneos;
				SWIFT_COMPILATION_MODE = wholemodule;
				VALIDATE_PRODUCT = YES;
			};
			name = Release;
		};
		B8A0A0DD2EA464210008EE47 /* Debug */ = {
			isa = XCBuildConfiguration;
			buildSettings = {
				ASSETCATALOG_COMPILER_APPICON_NAME = AppIcon;
				ASSETCATALOG_COMPILER_GLOBAL_ACCENT_COLOR_NAME = AccentColor;
				CODE_SIGN_STYLE = Automatic;
				CURRENT_PROJECT_VERSION = 1;
				DEVELOPMENT_ASSET_PATHS = "\"PokeAlda/Preview Content\"";
				DEVELOPMENT_TEAM = 6K7VRQC2P5;
				ENABLE_PREVIEWS = YES;
				GENERATE_INFOPLIST_FILE = YES;
				INFOPLIST_KEY_UIApplicationSceneManifest_Generation = YES;
				INFOPLIST_KEY_UIApplicationSupportsIndirectInputEvents = YES;
				INFOPLIST_KEY_UILaunchScreen_Generation = YES;
				INFOPLIST_KEY_UISupportedInterfaceOrientations_iPad = "UIInterfaceOrientationPortrait UIInterfaceOrientationPortraitUpsideDown UIInterfaceOrientationLandscapeLeft UIInterfaceOrientationLandscapeRight";
				INFOPLIST_KEY_UISupportedInterfaceOrientations_iPhone = "UIInterfaceOrientationPortrait UIInterfaceOrientationLandscapeLeft UIInterfaceOrientationLandscapeRight";
				LD_RUNPATH_SEARCH_PATHS = (
					"$(inherited)",
					"@executable_path/Frameworks",
				);
				MARKETING_VERSION = 1.0;
				PRODUCT_BUNDLE_IDENTIFIER = aldaDev.PokeAlda;
				PRODUCT_NAME = "$(TARGET_NAME)";
				SWIFT_EMIT_LOC_STRINGS = YES;
				SWIFT_VERSION = 5.0;
				TARGETED_DEVICE_FAMILY = "1,2";
			};
			name = Debug;
		};
		B8A0A0DE2EA464210008EE47 /* Release */ = {
			isa = XCBuildConfiguration;
			buildSettings = {
				ASSETCATALOG_COMPILER_APPICON_NAME = AppIcon;
				ASSETCATALOG_COMPILER_GLOBAL_ACCENT_COLOR_NAME = AccentColor;
				CODE_SIGN_STYLE = Automatic;
				CURRENT_PROJECT_VERSION = 1;
				DEVELOPMENT_ASSET_PATHS = "\"PokeAlda/Preview Content\"";
				DEVELOPMENT_TEAM = 6K7VRQC2P5;
				ENABLE_PREVIEWS = YES;
				GENERATE_INFOPLIST_FILE = YES;
				INFOPLIST_KEY_UIApplicationSceneManifest_Generation = YES;
				INFOPLIST_KEY_UIApplicationSupportsIndirectInputEvents = YES;
				INFOPLIST_KEY_UILaunchScreen_Generation = YES;
				INFOPLIST_KEY_UISupportedInterfaceOrientations_iPad = "UIInterfaceOrientationPortrait UIInterfaceOrientationPortraitUpsideDown UIInterfaceOrientationLandscapeLeft UIInterfaceOrientationLandscapeRight";
				INFOPLIST_KEY_UISupportedInterfaceOrientations_iPhone = "UIInterfaceOrientationPortrait UIInterfaceOrientationLandscapeLeft UIInterfaceOrientationLandscapeRight";
				LD_RUNPATH_SEARCH_PATHS = (
					"$(inherited)",
					"@executable_path/Frameworks",
				);
				MARKETING_VERSION = 1.0;
				PRODUCT_BUNDLE_IDENTIFIER = aldaDev.PokeAlda;
				PRODUCT_NAME = "$(TARGET_NAME)";
				SWIFT_EMIT_LOC_STRINGS = YES;
				SWIFT_VERSION = 5.0;
				TARGETED_DEVICE_FAMILY = "1,2";
			};
			name = Release;
		};
/* End XCBuildConfiguration section */

/* Begin XCConfigurationList section */
		B8A0A0C92EA4641F0008EE47 /* Build configuration list for PBXProject "PokeAlda" */ = {
			isa = XCConfigurationList;
			buildConfigurations = (
				B8A0A0DA2EA464210008EE47 /* Debug */,
				B8A0A0DB2EA464210008EE47 /* Release */,
			);
			defaultConfigurationIsVisible = 0;
			defaultConfigurationName = Release;
		};
		B8A0A0DC2EA464210008EE47 /* Build configuration list for PBXNativeTarget "PokeAlda" */ = {
			isa = XCConfigurationList;
			buildConfigurations = (
				B8A0A0DD2EA464210008EE47 /* Debug */,
				B8A0A0DE2EA464210008EE47 /* Release */,
			);
			defaultConfigurationIsVisible = 0;
			defaultConfigurationName = Release;
		};
/* End XCConfigurationList section */
	};
	rootObject = B8A0A0C62EA4641F0008EE47 /* Project object */;
}
